
Microsoft Visual Studio Solution File, Format Version 12.00
# Visual Studio 15
VisualStudioVersion = 15.0.26124.0
MinimumVisualStudioVersion = 15.0.26124.0
Project("{FAE04EC0-301F-11D3-BF4B-00C04F79EFBC}") = "App.Core", "App.Core\App.Core.csproj", "{37719B0B-C2F9-451B-864D-AB1FAD248CBC}"
EndProject
Project("{FAE04EC0-301F-11D3-BF4B-00C04F79EFBC}") = "App.Infrastructure", "App.Infrastructure\App.Infrastructure.csproj", "{7474798B-D565-4B6A-9FBF-1541FCEB2369}"
EndProject
Project("{FAE04EC0-301F-11D3-BF4B-00C04F79EFBC}") = "Core.Tests", "Core.Tests\Core.Tests.csproj", "{E60B2ED3-C421-4D25-9129-FEC76057E870}"
EndProject
Project("{2150E333-8FDC-42A3-9474-1A3956D46DE8}") = "SampleProject", "SampleProject", "{D23D7DBA-9545-444C-82AF-08D9AF6B56C5}"
EndProject
Project("{FAE04EC0-301F-11D3-BF4B-00C04F79EFBC}") = "Apple.Domain", "Apple.Domain\Apple.Domain.csproj", "{CED13B63-D3BF-4745-A45A-BF3A90ACE4D9}"
EndProject
Project("{FAE04EC0-301F-11D3-BF4B-00C04F79EFBC}") = "Apple.Api", "Apple.Api\Apple.Api.csproj", "{70C11EB8-FD0D-48DE-A7FF-B01BA4EFBAD0}"
EndProject
Project("{FAE04EC0-301F-11D3-BF4B-00C04F79EFBC}") = "Apple.Application", "Apple.Application\Apple.Application.csproj", "{F2ECA7F5-A325-4867-80F7-ED3261BBA335}"
EndProject
Project("{FAE04EC0-301F-11D3-BF4B-00C04F79EFBC}") = "Apple.ReadModels", "Apple.ReadModels\Apple.ReadModels.csproj", "{D6C25D73-69A6-4874-B7F3-D1B6B79687F4}"
EndProject
Global
	GlobalSection(SolutionConfigurationPlatforms) = preSolution
		Debug|Any CPU = Debug|Any CPU
		Debug|x64 = Debug|x64
		Debug|x86 = Debug|x86
		Release|Any CPU = Release|Any CPU
		Release|x64 = Release|x64
		Release|x86 = Release|x86
	EndGlobalSection
	GlobalSection(SolutionProperties) = preSolution
		HideSolutionNode = FALSE
	EndGlobalSection
	GlobalSection(ProjectConfigurationPlatforms) = postSolution
		{37719B0B-C2F9-451B-864D-AB1FAD248CBC}.Debug|Any CPU.ActiveCfg = Debug|Any CPU
		{37719B0B-C2F9-451B-864D-AB1FAD248CBC}.Debug|Any CPU.Build.0 = Debug|Any CPU
		{37719B0B-C2F9-451B-864D-AB1FAD248CBC}.Debug|x64.ActiveCfg = Debug|Any CPU
		{37719B0B-C2F9-451B-864D-AB1FAD248CBC}.Debug|x64.Build.0 = Debug|Any CPU
		{37719B0B-C2F9-451B-864D-AB1FAD248CBC}.Debug|x86.ActiveCfg = Debug|Any CPU
		{37719B0B-C2F9-451B-864D-AB1FAD248CBC}.Debug|x86.Build.0 = Debug|Any CPU
		{37719B0B-C2F9-451B-864D-AB1FAD248CBC}.Release|Any CPU.ActiveCfg = Release|Any CPU
		{37719B0B-C2F9-451B-864D-AB1FAD248CBC}.Release|Any CPU.Build.0 = Release|Any CPU
		{37719B0B-C2F9-451B-864D-AB1FAD248CBC}.Release|x64.ActiveCfg = Release|Any CPU
		{37719B0B-C2F9-451B-864D-AB1FAD248CBC}.Release|x64.Build.0 = Release|Any CPU
		{37719B0B-C2F9-451B-864D-AB1FAD248CBC}.Release|x86.ActiveCfg = Release|Any CPU
		{37719B0B-C2F9-451B-864D-AB1FAD248CBC}.Release|x86.Build.0 = Release|Any CPU
		{7474798B-D565-4B6A-9FBF-1541FCEB2369}.Debug|Any CPU.ActiveCfg = Debug|Any CPU
		{7474798B-D565-4B6A-9FBF-1541FCEB2369}.Debug|Any CPU.Build.0 = Debug|Any CPU
		{7474798B-D565-4B6A-9FBF-1541FCEB2369}.Debug|x64.ActiveCfg = Debug|Any CPU
		{7474798B-D565-4B6A-9FBF-1541FCEB2369}.Debug|x64.Build.0 = Debug|Any CPU
		{7474798B-D565-4B6A-9FBF-1541FCEB2369}.Debug|x86.ActiveCfg = Debug|Any CPU
		{7474798B-D565-4B6A-9FBF-1541FCEB2369}.Debug|x86.Build.0 = Debug|Any CPU
		{7474798B-D565-4B6A-9FBF-1541FCEB2369}.Release|Any CPU.ActiveCfg = Release|Any CPU
		{7474798B-D565-4B6A-9FBF-1541FCEB2369}.Release|Any CPU.Build.0 = Release|Any CPU
		{7474798B-D565-4B6A-9FBF-1541FCEB2369}.Release|x64.ActiveCfg = Release|Any CPU
		{7474798B-D565-4B6A-9FBF-1541FCEB2369}.Release|x64.Build.0 = Release|Any CPU
		{7474798B-D565-4B6A-9FBF-1541FCEB2369}.Release|x86.ActiveCfg = Release|Any CPU
		{7474798B-D565-4B6A-9FBF-1541FCEB2369}.Release|x86.Build.0 = Release|Any CPU
		{E60B2ED3-C421-4D25-9129-FEC76057E870}.Debug|Any CPU.ActiveCfg = Debug|Any CPU
		{E60B2ED3-C421-4D25-9129-FEC76057E870}.Debug|Any CPU.Build.0 = Debug|Any CPU
		{E60B2ED3-C421-4D25-9129-FEC76057E870}.Debug|x64.ActiveCfg = Debug|Any CPU
		{E60B2ED3-C421-4D25-9129-FEC76057E870}.Debug|x64.Build.0 = Debug|Any CPU
		{E60B2ED3-C421-4D25-9129-FEC76057E870}.Debug|x86.ActiveCfg = Debug|Any CPU
		{E60B2ED3-C421-4D25-9129-FEC76057E870}.Debug|x86.Build.0 = Debug|Any CPU
		{E60B2ED3-C421-4D25-9129-FEC76057E870}.Release|Any CPU.ActiveCfg = Release|Any CPU
		{E60B2ED3-C421-4D25-9129-FEC76057E870}.Release|Any CPU.Build.0 = Release|Any CPU
		{E60B2ED3-C421-4D25-9129-FEC76057E870}.Release|x64.ActiveCfg = Release|Any CPU
		{E60B2ED3-C421-4D25-9129-FEC76057E870}.Release|x64.Build.0 = Release|Any CPU
		{E60B2ED3-C421-4D25-9129-FEC76057E870}.Release|x86.ActiveCfg = Release|Any CPU
		{E60B2ED3-C421-4D25-9129-FEC76057E870}.Release|x86.Build.0 = Release|Any CPU
		{CED13B63-D3BF-4745-A45A-BF3A90ACE4D9}.Debug|Any CPU.ActiveCfg = Debug|Any CPU
		{CED13B63-D3BF-4745-A45A-BF3A90ACE4D9}.Debug|Any CPU.Build.0 = Debug|Any CPU
		{CED13B63-D3BF-4745-A45A-BF3A90ACE4D9}.Debug|x64.ActiveCfg = Debug|Any CPU
		{CED13B63-D3BF-4745-A45A-BF3A90ACE4D9}.Debug|x64.Build.0 = Debug|Any CPU
		{CED13B63-D3BF-4745-A45A-BF3A90ACE4D9}.Debug|x86.ActiveCfg = Debug|Any CPU
		{CED13B63-D3BF-4745-A45A-BF3A90ACE4D9}.Debug|x86.Build.0 = Debug|Any CPU
		{CED13B63-D3BF-4745-A45A-BF3A90ACE4D9}.Release|Any CPU.ActiveCfg = Release|Any CPU
		{CED13B63-D3BF-4745-A45A-BF3A90ACE4D9}.Release|Any CPU.Build.0 = Release|Any CPU
		{CED13B63-D3BF-4745-A45A-BF3A90ACE4D9}.Release|x64.ActiveCfg = Release|Any CPU
		{CED13B63-D3BF-4745-A45A-BF3A90ACE4D9}.Release|x64.Build.0 = Release|Any CPU
		{CED13B63-D3BF-4745-A45A-BF3A90ACE4D9}.Release|x86.ActiveCfg = Release|Any CPU
		{CED13B63-D3BF-4745-A45A-BF3A90ACE4D9}.Release|x86.Build.0 = Release|Any CPU
		{70C11EB8-FD0D-48DE-A7FF-B01BA4EFBAD0}.Debug|Any CPU.ActiveCfg = Debug|Any CPU
		{70C11EB8-FD0D-48DE-A7FF-B01BA4EFBAD0}.Debug|Any CPU.Build.0 = Debug|Any CPU
		{70C11EB8-FD0D-48DE-A7FF-B01BA4EFBAD0}.Debug|x64.ActiveCfg = Debug|Any CPU
		{70C11EB8-FD0D-48DE-A7FF-B01BA4EFBAD0}.Debug|x64.Build.0 = Debug|Any CPU
		{70C11EB8-FD0D-48DE-A7FF-B01BA4EFBAD0}.Debug|x86.ActiveCfg = Debug|Any CPU
		{70C11EB8-FD0D-48DE-A7FF-B01BA4EFBAD0}.Debug|x86.Build.0 = Debug|Any CPU
		{70C11EB8-FD0D-48DE-A7FF-B01BA4EFBAD0}.Release|Any CPU.ActiveCfg = Release|Any CPU
		{70C11EB8-FD0D-48DE-A7FF-B01BA4EFBAD0}.Release|Any CPU.Build.0 = Release|Any CPU
		{70C11EB8-FD0D-48DE-A7FF-B01BA4EFBAD0}.Release|x64.ActiveCfg = Release|Any CPU
		{70C11EB8-FD0D-48DE-A7FF-B01BA4EFBAD0}.Release|x64.Build.0 = Release|Any CPU
		{70C11EB8-FD0D-48DE-A7FF-B01BA4EFBAD0}.Release|x86.ActiveCfg = Release|Any CPU
		{70C11EB8-FD0D-48DE-A7FF-B01BA4EFBAD0}.Release|x86.Build.0 = Release|Any CPU
		{F2ECA7F5-A325-4867-80F7-ED3261BBA335}.Debug|Any CPU.ActiveCfg = Debug|Any CPU
		{F2ECA7F5-A325-4867-80F7-ED3261BBA335}.Debug|Any CPU.Build.0 = Debug|Any CPU
		{F2ECA7F5-A325-4867-80F7-ED3261BBA335}.Debug|x64.ActiveCfg = Debug|Any CPU
		{F2ECA7F5-A325-4867-80F7-ED3261BBA335}.Debug|x64.Build.0 = Debug|Any CPU
		{F2ECA7F5-A325-4867-80F7-ED3261BBA335}.Debug|x86.ActiveCfg = Debug|Any CPU
		{F2ECA7F5-A325-4867-80F7-ED3261BBA335}.Debug|x86.Build.0 = Debug|Any CPU
		{F2ECA7F5-A325-4867-80F7-ED3261BBA335}.Release|Any CPU.ActiveCfg = Release|Any CPU
		{F2ECA7F5-A325-4867-80F7-ED3261BBA335}.Release|Any CPU.Build.0 = Release|Any CPU
		{F2ECA7F5-A325-4867-80F7-ED3261BBA335}.Release|x64.ActiveCfg = Release|Any CPU
		{F2ECA7F5-A325-4867-80F7-ED3261BBA335}.Release|x64.Build.0 = Release|Any CPU
		{F2ECA7F5-A325-4867-80F7-ED3261BBA335}.Release|x86.ActiveCfg = Release|Any CPU
		{F2ECA7F5-A325-4867-80F7-ED3261BBA335}.Release|x86.Build.0 = Release|Any CPU
		{D6C25D73-69A6-4874-B7F3-D1B6B79687F4}.Debug|Any CPU.ActiveCfg = Debug|Any CPU
		{D6C25D73-69A6-4874-B7F3-D1B6B79687F4}.Debug|Any CPU.Build.0 = Debug|Any CPU
		{D6C25D73-69A6-4874-B7F3-D1B6B79687F4}.Debug|x64.ActiveCfg = Debug|Any CPU
		{D6C25D73-69A6-4874-B7F3-D1B6B79687F4}.Debug|x64.Build.0 = Debug|Any CPU
		{D6C25D73-69A6-4874-B7F3-D1B6B79687F4}.Debug|x86.ActiveCfg = Debug|Any CPU
		{D6C25D73-69A6-4874-B7F3-D1B6B79687F4}.Debug|x86.Build.0 = Debug|Any CPU
		{D6C25D73-69A6-4874-B7F3-D1B6B79687F4}.Release|Any CPU.ActiveCfg = Release|Any CPU
		{D6C25D73-69A6-4874-B7F3-D1B6B79687F4}.Release|Any CPU.Build.0 = Release|Any CPU
		{D6C25D73-69A6-4874-B7F3-D1B6B79687F4}.Release|x64.ActiveCfg = Release|Any CPU
		{D6C25D73-69A6-4874-B7F3-D1B6B79687F4}.Release|x64.Build.0 = Release|Any CPU
		{D6C25D73-69A6-4874-B7F3-D1B6B79687F4}.Release|x86.ActiveCfg = Release|Any CPU
		{D6C25D73-69A6-4874-B7F3-D1B6B79687F4}.Release|x86.Build.0 = Release|Any CPU
	EndGlobalSection
	GlobalSection(NestedProjects) = preSolution
		{CED13B63-D3BF-4745-A45A-BF3A90ACE4D9} = {D23D7DBA-9545-444C-82AF-08D9AF6B56C5}
		{70C11EB8-FD0D-48DE-A7FF-B01BA4EFBAD0} = {D23D7DBA-9545-444C-82AF-08D9AF6B56C5}
		{F2ECA7F5-A325-4867-80F7-ED3261BBA335} = {D23D7DBA-9545-444C-82AF-08D9AF6B56C5}
		{D6C25D73-69A6-4874-B7F3-D1B6B79687F4} = {D23D7DBA-9545-444C-82AF-08D9AF6B56C5}
	EndGlobalSection
EndGlobal
